// !$*UTF8*$!
{
	archiveVersion = 1;
	classes = {
	};
	objectVersion = 46;
	objects = {

/* Begin PBXBuildFile section */
		71FC11961A1FC4E3006C976C /* AppDelegate.swift in Sources */ = {isa = PBXBuildFile; fileRef = 71FC11951A1FC4E3006C976C /* AppDelegate.swift */; };
		71FC11981A1FC4E3006C976C /* ViewController.swift in Sources */ = {isa = PBXBuildFile; fileRef = 71FC11971A1FC4E3006C976C /* ViewController.swift */; };
		71FC119B1A1FC4E3006C976C /* Main.storyboard in Resources */ = {isa = PBXBuildFile; fileRef = 71FC11991A1FC4E3006C976C /* Main.storyboard */; };
		71FC119D1A1FC4E3006C976C /* Images.xcassets in Resources */ = {isa = PBXBuildFile; fileRef = 71FC119C1A1FC4E3006C976C /* Images.xcassets */; };
		71FC11A01A1FC4E3006C976C /* LaunchScreen.xib in Resources */ = {isa = PBXBuildFile; fileRef = 71FC119E1A1FC4E3006C976C /* LaunchScreen.xib */; };
		71FC11AC1A1FC4E3006C976C /* RXGPTests.swift in Sources */ = {isa = PBXBuildFile; fileRef = 71FC11AB1A1FC4E3006C976C /* RXGPTests.swift */; };
/* End PBXBuildFile section */

/* Begin PBXContainerItemProxy section */
		71FC11A61A1FC4E3006C976C /* PBXContainerItemProxy */ = {
			isa = PBXContainerItemProxy;
			containerPortal = 71FC11881A1FC4E3006C976C /* Project object */;
			proxyType = 1;
			remoteGlobalIDString = 71FC118F1A1FC4E3006C976C;
			remoteInfo = RXGP;
		};
/* End PBXContainerItemProxy section */

/* Begin PBXFileReference section */
		71FC11901A1FC4E3006C976C /* RXGP.app */ = {isa = PBXFileReference; explicitFileType = wrapper.application; includeInIndex = 0; path = RXGP.app; sourceTree = BUILT_PRODUCTS_DIR; };
		71FC11941A1FC4E3006C976C /* Info.plist */ = {isa = PBXFileReference; lastKnownFileType = text.plist.xml; path = Info.plist; sourceTree = "<group>"; };
		71FC11951A1FC4E3006C976C /* AppDelegate.swift */ = {isa = PBXFileReference; lastKnownFileType = sourcecode.swift; path = AppDelegate.swift; sourceTree = "<group>"; };
		71FC11971A1FC4E3006C976C /* ViewController.swift */ = {isa = PBXFileReference; lastKnownFileType = sourcecode.swift; path = ViewController.swift; sourceTree = "<group>"; };
		71FC119A1A1FC4E3006C976C /* Base */ = {isa = PBXFileReference; lastKnownFileType = file.storyboard; name = Base; path = Base.lproj/Main.storyboard; sourceTree = "<group>"; };
		71FC119C1A1FC4E3006C976C /* Images.xcassets */ = {isa = PBXFileReference; lastKnownFileType = folder.assetcatalog; path = Images.xcassets; sourceTree = "<group>"; };
		71FC119F1A1FC4E3006C976C /* Base */ = {isa = PBXFileReference; lastKnownFileType = file.xib; name = Base; path = Base.lproj/LaunchScreen.xib; sourceTree = "<group>"; };
		71FC11A51A1FC4E3006C976C /* RXGPTests.xctest */ = {isa = PBXFileReference; explicitFileType = wrapper.cfbundle; includeInIndex = 0; path = RXGPTests.xctest; sourceTree = BUILT_PRODUCTS_DIR; };
		71FC11AA1A1FC4E3006C976C /* Info.plist */ = {isa = PBXFileReference; lastKnownFileType = text.plist.xml; path = Info.plist; sourceTree = "<group>"; };
		71FC11AB1A1FC4E3006C976C /* RXGPTests.swift */ = {isa = PBXFileReference; lastKnownFileType = sourcecode.swift; path = RXGPTests.swift; sourceTree = "<group>"; };
/* End PBXFileReference section */

/* Begin PBXFrameworksBuildPhase section */
		71FC118D1A1FC4E3006C976C /* Frameworks */ = {
			isa = PBXFrameworksBuildPhase;
			buildActionMask = 2147483647;
			files = (
			);
			runOnlyForDeploymentPostprocessing = 0;
		};
		71FC11A21A1FC4E3006C976C /* Frameworks */ = {
			isa = PBXFrameworksBuildPhase;
			buildActionMask = 2147483647;
			files = (
			);
			runOnlyForDeploymentPostprocessing = 0;
		};
/* End PBXFrameworksBuildPhase section */

/* Begin PBXGroup section */
		71FC11871A1FC4E3006C976C = {
			isa = PBXGroup;
			children = (
				71FC11921A1FC4E3006C976C /* RXGP */,
				71FC11A81A1FC4E3006C976C /* RXGPTests */,
				71FC11911A1FC4E3006C976C /* Products */,
			);
			sourceTree = "<group>";
		};
		71FC11911A1FC4E3006C976C /* Products */ = {
			isa = PBXGroup;
			children = (
				71FC11901A1FC4E3006C976C /* RXGP.app */,
				71FC11A51A1FC4E3006C976C /* RXGPTests.xctest */,
			);
			name = Products;
			sourceTree = "<group>";
		};
		71FC11921A1FC4E3006C976C /* RXGP */ = {
			isa = PBXGroup;
			children = (
				71FC11951A1FC4E3006C976C /* AppDelegate.swift */,
				71FC11971A1FC4E3006C976C /* ViewController.swift */,
				71FC11991A1FC4E3006C976C /* Main.storyboard */,
				71FC119C1A1FC4E3006C976C /* Images.xcassets */,
				71FC119E1A1FC4E3006C976C /* LaunchScreen.xib */,
				71FC11931A1FC4E3006C976C /* Supporting Files */,
			);
			path = RXGP;
			sourceTree = "<group>";
		};
		71FC11931A1FC4E3006C976C /* Supporting Files */ = {
			isa = PBXGroup;
			children = (
				71FC11941A1FC4E3006C976C /* Info.plist */,
			);
			name = "Supporting Files";
			sourceTree = "<group>";
		};
		71FC11A81A1FC4E3006C976C /* RXGPTests */ = {
			isa = PBXGroup;
			children = (
				71FC11AB1A1FC4E3006C976C /* RXGPTests.swift */,
				71FC11A91A1FC4E3006C976C /* Supporting Files */,
			);
			path = RXGPTests;
			sourceTree = "<group>";
		};
		71FC11A91A1FC4E3006C976C /* Supporting Files */ = {
			isa = PBXGroup;
			children = (
				71FC11AA1A1FC4E3006C976C /* Info.plist */,
			);
			name = "Supporting Files";
			sourceTree = "<group>";
		};
/* End PBXGroup section */

/* Begin PBXNativeTarget section */
		71FC118F1A1FC4E3006C976C /* RXGP */ = {
			isa = PBXNativeTarget;
			buildConfigurationList = 71FC11AF1A1FC4E3006C976C /* Build configuration list for PBXNativeTarget "RXGP" */;
			buildPhases = (
				71FC118C1A1FC4E3006C976C /* Sources */,
				71FC118D1A1FC4E3006C976C /* Frameworks */,
				71FC118E1A1FC4E3006C976C /* Resources */,
			);
			buildRules = (
			);
			dependencies = (
			);
			name = RXGP;
			productName = RXGP;
			productReference = 71FC11901A1FC4E3006C976C /* RXGP.app */;
			productType = "com.apple.product-type.application";
		};
		71FC11A41A1FC4E3006C976C /* RXGPTests */ = {
			isa = PBXNativeTarget;
			buildConfigurationList = 71FC11B21A1FC4E3006C976C /* Build configuration list for PBXNativeTarget "RXGPTests" */;
			buildPhases = (
				71FC11A11A1FC4E3006C976C /* Sources */,
				71FC11A21A1FC4E3006C976C /* Frameworks */,
				71FC11A31A1FC4E3006C976C /* Resources */,
			);
			buildRules = (
			);
			dependencies = (
				71FC11A71A1FC4E3006C976C /* PBXTargetDependency */,
			);
			name = RXGPTests;
			productName = RXGPTests;
			productReference = 71FC11A51A1FC4E3006C976C /* RXGPTests.xctest */;
			productType = "com.apple.product-type.bundle.unit-test";
		};
/* End PBXNativeTarget section */

/* Begin PBXProject section */
		71FC11881A1FC4E3006C976C /* Project object */ = {
			isa = PBXProject;
			attributes = {
				LastUpgradeCheck = 0610;
				TargetAttributes = {
					71FC118F1A1FC4E3006C976C = {
						CreatedOnToolsVersion = 6.1;
					};
					71FC11A41A1FC4E3006C976C = {
						CreatedOnToolsVersion = 6.1;
						TestTargetID = 71FC118F1A1FC4E3006C976C;
					};
				};
			};
			buildConfigurationList = 71FC118B1A1FC4E3006C976C /* Build configuration list for PBXProject "RXGP" */;
			compatibilityVersion = "Xcode 3.2";
			developmentRegion = English;
			hasScannedForEncodings = 0;
			knownRegions = (
				en,
				Base,
			);
			mainGroup = 71FC11871A1FC4E3006C976C;
			productRefGroup = 71FC11911A1FC4E3006C976C /* Products */;
			projectDirPath = "";
			projectRoot = "";
			targets = (
				71FC118F1A1FC4E3006C976C /* RXGP */,
				71FC11A41A1FC4E3006C976C /* RXGPTests */,
			);
		};
/* End PBXProject section */

/* Begin PBXResourcesBuildPhase section */
		71FC118E1A1FC4E3006C976C /* Resources */ = {
			isa = PBXResourcesBuildPhase;
			buildActionMask = 2147483647;
			files = (
				71FC119B1A1FC4E3006C976C /* Main.storyboard in Resources */,
				71FC11A01A1FC4E3006C976C /* LaunchScreen.xib in Resources */,
				71FC119D1A1FC4E3006C976C /* Images.xcassets in Resources */,
			);
			runOnlyForDeploymentPostprocessing = 0;
		};
		71FC11A31A1FC4E3006C976C /* Resources */ = {
			isa = PBXResourcesBuildPhase;
			buildActionMask = 2147483647;
			files = (
			);
			runOnlyForDeploymentPostprocessing = 0;
		};
/* End PBXResourcesBuildPhase section */

/* Begin PBXSourcesBuildPhase section */
		71FC118C1A1FC4E3006C976C /* Sources */ = {
			isa = PBXSourcesBuildPhase;
			buildActionMask = 2147483647;
			files = (
				71FC11981A1FC4E3006C976C /* ViewController.swift in Sources */,
				71FC11961A1FC4E3006C976C /* AppDelegate.swift in Sources */,
			);
			runOnlyForDeploymentPostprocessing = 0;
		};
		71FC11A11A1FC4E3006C976C /* Sources */ = {
			isa = PBXSourcesBuildPhase;
			buildActionMask = 2147483647;
			files = (
				71FC11AC1A1FC4E3006C976C /* RXGPTests.swift in Sources */,
			);
			runOnlyForDeploymentPostprocessing = 0;
		};
/* End PBXSourcesBuildPhase section */

/* Begin PBXTargetDependency section */
		71FC11A71A1FC4E3006C976C /* PBXTargetDependency */ = {
			isa = PBXTargetDependency;
			target = 71FC118F1A1FC4E3006C976C /* RXGP */;
			targetProxy = 71FC11A61A1FC4E3006C976C /* PBXContainerItemProxy */;
		};
/* End PBXTargetDependency section */

/* Begin PBXVariantGroup section */
		71FC11991A1FC4E3006C976C /* Main.storyboard */ = {
			isa = PBXVariantGroup;
			children = (
				71FC119A1A1FC4E3006C976C /* Base */,
			);
			name = Main.storyboard;
			sourceTree = "<group>";
		};
		71FC119E1A1FC4E3006C976C /* LaunchScreen.xib */ = {
			isa = PBXVariantGroup;
			children = (
				71FC119F1A1FC4E3006C976C /* Base */,
			);
			name = LaunchScreen.xib;
			sourceTree = "<group>";
		};
/* End PBXVariantGroup section */

/* Begin XCBuildConfiguration section */
		71FC11AD1A1FC4E3006C976C /* Debug */ = {
			isa = XCBuildConfiguration;
			buildSettings = {
				ALWAYS_SEARCH_USER_PATHS = NO;
				CLANG_CXX_LANGUAGE_STANDARD = "gnu++0x";
				CLANG_CXX_LIBRARY = "libc++";
				CLANG_ENABLE_MODULES = YES;
				CLANG_ENABLE_OBJC_ARC = YES;
				CLANG_WARN_BOOL_CONVERSION = YES;
				CLANG_WARN_CONSTANT_CONVERSION = YES;
				CLANG_WARN_DIRECT_OBJC_ISA_USAGE = YES_ERROR;
				CLANG_WARN_EMPTY_BODY = YES;
				CLANG_WARN_ENUM_CONVERSION = YES;
				CLANG_WARN_INT_CONVERSION = YES;
				CLANG_WARN_OBJC_ROOT_CLASS = YES_ERROR;
				CLANG_WARN_UNREACHABLE_CODE = YES;
				CLANG_WARN__DUPLICATE_METHOD_MATCH = YES;
				"CODE_SIGN_IDENTITY[sdk=iphoneos*]" = "iPhone Developer";
				COPY_PHASE_STRIP = NO;
				ENABLE_STRICT_OBJC_MSGSEND = YES;
				GCC_C_LANGUAGE_STANDARD = gnu99;
				GCC_DYNAMIC_NO_PIC = NO;
				GCC_OPTIMIZATION_LEVEL = 0;
				GCC_PREPROCESSOR_DEFINITIONS = (
					"DEBUG=1",
					"$(inherited)",
				);
				GCC_SYMBOLS_PRIVATE_EXTERN = NO;
				GCC_WARN_64_TO_32_BIT_CONVERSION = YES;
				GCC_WARN_ABOUT_RETURN_TYPE = YES_ERROR;
				GCC_WARN_UNDECLARED_SELECTOR = YES;
				GCC_WARN_UNINITIALIZED_AUTOS = YES_AGGRESSIVE;
				GCC_WARN_UNUSED_FUNCTION = YES;
				GCC_WARN_UNUSED_VARIABLE = YES;
				IPHONEOS_DEPLOYMENT_TARGET = 8.1;
				MTL_ENABLE_DEBUG_INFO = YES;
				ONLY_ACTIVE_ARCH = YES;
				SDKROOT = iphoneos;
				SWIFT_OPTIMIZATION_LEVEL = "-Onone";
			};
			name = Debug;
		};
		71FC11AE1A1FC4E3006C976C /* Release */ = {
			isa = XCBuildConfiguration;
			buildSettings = {
				ALWAYS_SEARCH_USER_PATHS = NO;
				CLANG_CXX_LANGUAGE_STANDARD = "gnu++0x";
				CLANG_CXX_LIBRARY = "libc++";
				CLANG_ENABLE_MODULES = YES;
				CLANG_ENABLE_OBJC_ARC = YES;
				CLANG_WARN_BOOL_CONVERSION = YES;
				CLANG_WARN_CONSTANT_CONVERSION = YES;
				CLANG_WARN_DIRECT_OBJC_ISA_USAGE = YES_ERROR;
				CLANG_WARN_EMPTY_BODY = YES;
				CLANG_WARN_ENUM_CONVERSION = YES;
				CLANG_WARN_INT_CONVERSION = YES;
				CLANG_WARN_OBJC_ROOT_CLASS = YES_ERROR;
				CLANG_WARN_UNREACHABLE_CODE = YES;
				CLANG_WARN__DUPLICATE_METHOD_MATCH = YES;
				"CODE_SIGN_IDENTITY[sdk=iphoneos*]" = "iPhone Developer";
				COPY_PHASE_STRIP = YES;
				ENABLE_NS_ASSERTIONS = NO;
				ENABLE_STRICT_OBJC_MSGSEND = YES;
				GCC_C_LANGUAGE_STANDARD = gnu99;
				GCC_WARN_64_TO_32_BIT_CONVERSION = YES;
				GCC_WARN_ABOUT_RETURN_TYPE = YES_ERROR;
				GCC_WARN_UNDECLARED_SELECTOR = YES;
				GCC_WARN_UNINITIALIZED_AUTOS = YES_AGGRESSIVE;
				GCC_WARN_UNUSED_FUNCTION = YES;
				GCC_WARN_UNUSED_VARIABLE = YES;
				IPHONEOS_DEPLOYMENT_TARGET = 8.1;
				MTL_ENABLE_DEBUG_INFO = NO;
				SDKROOT = iphoneos;
				VALIDATE_PRODUCT = YES;
			};
			name = Release;
		};
		71FC11B01A1FC4E3006C976C /* Debug */ = {
			isa = XCBuildConfiguration;
			buildSettings = {
				ASSETCATALOG_COMPILER_APPICON_NAME = AppIcon;
				INFOPLIST_FILE = RXGP/Info.plist;
				LD_RUNPATH_SEARCH_PATHS = "$(inherited) @executable_path/Frameworks";
				PRODUCT_NAME = "$(TARGET_NAME)";
			};
			name = Debug;
		};
		71FC11B11A1FC4E3006C976C /* Release */ = {
			isa = XCBuildConfiguration;
			buildSettings = {
				ASSETCATALOG_COMPILER_APPICON_NAME = AppIcon;
				INFOPLIST_FILE = RXGP/Info.plist;
				LD_RUNPATH_SEARCH_PATHS = "$(inherited) @executable_path/Frameworks";
				PRODUCT_NAME = "$(TARGET_NAME)";
			};
			name = Release;
		};
		71FC11B31A1FC4E3006C976C /* Debug */ = {
			isa = XCBuildConfiguration;
			buildSettings = {
				BUNDLE_LOADER = "$(TEST_HOST)";
				FRAMEWORK_SEARCH_PATHS = (
					"$(SDKROOT)/Developer/Library/Frameworks",
					"$(inherited)",
				);
				GCC_PREPROCESSOR_DEFINITIONS = (
					"DEBUG=1",
					"$(inherited)",
				);
				INFOPLIST_FILE = RXGPTests/Info.plist;
				LD_RUNPATH_SEARCH_PATHS = "$(inherited) @executable_path/Frameworks @loader_path/Frameworks";
				PRODUCT_NAME = "$(TARGET_NAME)";
				TEST_HOST = "$(BUILT_PRODUCTS_DIR)/RXGP.app/RXGP";
			};
			name = Debug;
		};
		71FC11B41A1FC4E3006C976C /* Release */ = {
			isa = XCBuildConfiguration;
			buildSettings = {
				BUNDLE_LOADER = "$(TEST_HOST)";
				FRAMEWORK_SEARCH_PATHS = (
					"$(SDKROOT)/Developer/Library/Frameworks",
					"$(inherited)",
				);
				INFOPLIST_FILE = RXGPTests/Info.plist;
				LD_RUNPATH_SEARCH_PATHS = "$(inherited) @executable_path/Frameworks @loader_path/Frameworks";
				PRODUCT_NAME = "$(TARGET_NAME)";
				TEST_HOST = "$(BUILT_PRODUCTS_DIR)/RXGP.app/RXGP";
			};
			name = Release;
		};
/* End XCBuildConfiguration section */

/* Begin XCConfigurationList section */
		71FC118B1A1FC4E3006C976C /* Build configuration list for PBXProject "RXGP" */ = {
			isa = XCConfigurationList;
			buildConfigurations = (
				71FC11AD1A1FC4E3006C976C /* Debug */,
				71FC11AE1A1FC4E3006C976C /* Release */,
			);
			defaultConfigurationIsVisible = 0;
			defaultConfigurationName = Release;
		};
		71FC11AF1A1FC4E3006C976C /* Build configuration list for PBXNativeTarget "RXGP" */ = {
			isa = XCConfigurationList;
			buildConfigurations = (
				71FC11B01A1FC4E3006C976C /* Debug */,
				71FC11B11A1FC4E3006C976C /* Release */,
			);
			defaultConfigurationIsVisible = 0;
		};
		71FC11B21A1FC4E3006C976C /* Build configuration list for PBXNativeTarget "RXGPTests" */ = {
			isa = XCConfigurationList;
			buildConfigurations = (
				71FC11B31A1FC4E3006C976C /* Debug */,
				71FC11B41A1FC4E3006C976C /* Release */,
			);
			defaultConfigurationIsVisible = 0;
		};
/* End XCConfigurationList section */
	};
	rootObject = 71FC11881A1FC4E3006C976C /* Project object */;
}
