// !$*UTF8*$!
{
	archiveVersion = 1;
	classes = {
	};
	objectVersion = 46;
	objects = {

/* Begin PBXBuildFile section */
		717890E519962A7C00723011 /* AppDelegate.swift in Sources */ = {isa = PBXBuildFile; fileRef = 717890E419962A7C00723011 /* AppDelegate.swift */; };
		717890E719962A7C00723011 /* ViewController.swift in Sources */ = {isa = PBXBuildFile; fileRef = 717890E619962A7C00723011 /* ViewController.swift */; };
		717890EA19962A7C00723011 /* Main.storyboard in Resources */ = {isa = PBXBuildFile; fileRef = 717890E819962A7C00723011 /* Main.storyboard */; };
		717890EC19962A7C00723011 /* Images.xcassets in Resources */ = {isa = PBXBuildFile; fileRef = 717890EB19962A7C00723011 /* Images.xcassets */; };
		717890F819962A7C00723011 /* RXGPTests.swift in Sources */ = {isa = PBXBuildFile; fileRef = 717890F719962A7C00723011 /* RXGPTests.swift */; };
		7178913619962EE200723011 /* CoreLocation.framework in Frameworks */ = {isa = PBXBuildFile; fileRef = 7178913519962EE200723011 /* CoreLocation.framework */; };
/* End PBXBuildFile section */

/* Begin PBXContainerItemProxy section */
		717890F219962A7C00723011 /* PBXContainerItemProxy */ = {
			isa = PBXContainerItemProxy;
			containerPortal = 717890D719962A7C00723011 /* Project object */;
			proxyType = 1;
			remoteGlobalIDString = 717890DE19962A7C00723011;
			remoteInfo = RXGP;
		};
/* End PBXContainerItemProxy section */

/* Begin PBXFileReference section */
		717890DF19962A7C00723011 /* RXGP.app */ = {isa = PBXFileReference; explicitFileType = wrapper.application; includeInIndex = 0; path = RXGP.app; sourceTree = BUILT_PRODUCTS_DIR; };
		717890E319962A7C00723011 /* Info.plist */ = {isa = PBXFileReference; lastKnownFileType = text.plist.xml; path = Info.plist; sourceTree = "<group>"; };
		717890E419962A7C00723011 /* AppDelegate.swift */ = {isa = PBXFileReference; lastKnownFileType = sourcecode.swift; path = AppDelegate.swift; sourceTree = "<group>"; };
		717890E619962A7C00723011 /* ViewController.swift */ = {isa = PBXFileReference; lastKnownFileType = sourcecode.swift; path = ViewController.swift; sourceTree = "<group>"; };
		717890E919962A7C00723011 /* Base */ = {isa = PBXFileReference; lastKnownFileType = file.storyboard; name = Base; path = Base.lproj/Main.storyboard; sourceTree = "<group>"; };
		717890EB19962A7C00723011 /* Images.xcassets */ = {isa = PBXFileReference; lastKnownFileType = folder.assetcatalog; path = Images.xcassets; sourceTree = "<group>"; };
		717890F119962A7C00723011 /* RXGPTests.xctest */ = {isa = PBXFileReference; explicitFileType = wrapper.cfbundle; includeInIndex = 0; path = RXGPTests.xctest; sourceTree = BUILT_PRODUCTS_DIR; };
		717890F619962A7C00723011 /* Info.plist */ = {isa = PBXFileReference; lastKnownFileType = text.plist.xml; path = Info.plist; sourceTree = "<group>"; };
		717890F719962A7C00723011 /* RXGPTests.swift */ = {isa = PBXFileReference; lastKnownFileType = sourcecode.swift; path = RXGPTests.swift; sourceTree = "<group>"; };
		7178913519962EE200723011 /* CoreLocation.framework */ = {isa = PBXFileReference; lastKnownFileType = wrapper.framework; name = CoreLocation.framework; path = ../../../../Applications/Xcode.app/Contents/Developer/Platforms/iPhoneOS.platform/Developer/SDKs/iPhoneOS7.1.sdk/System/Library/Frameworks/CoreLocation.framework; sourceTree = "<group>"; };
/* End PBXFileReference section */

/* Begin PBXFrameworksBuildPhase section */
		717890DC19962A7C00723011 /* Frameworks */ = {
			isa = PBXFrameworksBuildPhase;
			buildActionMask = 2147483647;
			files = (
				7178913619962EE200723011 /* CoreLocation.framework in Frameworks */,
			);
			runOnlyForDeploymentPostprocessing = 0;
		};
		717890EE19962A7C00723011 /* Frameworks */ = {
			isa = PBXFrameworksBuildPhase;
			buildActionMask = 2147483647;
			files = (
			);
			runOnlyForDeploymentPostprocessing = 0;
		};
/* End PBXFrameworksBuildPhase section */

/* Begin PBXGroup section */
		717890D619962A7C00723011 = {
			isa = PBXGroup;
			children = (
				7178913519962EE200723011 /* CoreLocation.framework */,
				717890E119962A7C00723011 /* RXGP */,
				717890F419962A7C00723011 /* RXGPTests */,
				717890E019962A7C00723011 /* Products */,
			);
			sourceTree = "<group>";
		};
		717890E019962A7C00723011 /* Products */ = {
			isa = PBXGroup;
			children = (
				717890DF19962A7C00723011 /* RXGP.app */,
				717890F119962A7C00723011 /* RXGPTests.xctest */,
			);
			name = Products;
			sourceTree = "<group>";
		};
		717890E119962A7C00723011 /* RXGP */ = {
			isa = PBXGroup;
			children = (
				717890E419962A7C00723011 /* AppDelegate.swift */,
				717890E619962A7C00723011 /* ViewController.swift */,
				717890E819962A7C00723011 /* Main.storyboard */,
				717890EB19962A7C00723011 /* Images.xcassets */,
				717890E219962A7C00723011 /* Supporting Files */,
			);
			path = RXGP;
			sourceTree = "<group>";
		};
		717890E219962A7C00723011 /* Supporting Files */ = {
			isa = PBXGroup;
			children = (
				717890E319962A7C00723011 /* Info.plist */,
			);
			name = "Supporting Files";
			sourceTree = "<group>";
		};
		717890F419962A7C00723011 /* RXGPTests */ = {
			isa = PBXGroup;
			children = (
				717890F719962A7C00723011 /* RXGPTests.swift */,
				717890F519962A7C00723011 /* Supporting Files */,
			);
			path = RXGPTests;
			sourceTree = "<group>";
		};
		717890F519962A7C00723011 /* Supporting Files */ = {
			isa = PBXGroup;
			children = (
				717890F619962A7C00723011 /* Info.plist */,
			);
			name = "Supporting Files";
			sourceTree = "<group>";
		};
/* End PBXGroup section */

/* Begin PBXNativeTarget section */
		717890DE19962A7C00723011 /* RXGP */ = {
			isa = PBXNativeTarget;
			buildConfigurationList = 717890FB19962A7C00723011 /* Build configuration list for PBXNativeTarget "RXGP" */;
			buildPhases = (
				717890DB19962A7C00723011 /* Sources */,
				717890DC19962A7C00723011 /* Frameworks */,
				717890DD19962A7C00723011 /* Resources */,
			);
			buildRules = (
			);
			dependencies = (
			);
			name = RXGP;
			productName = RXGP;
			productReference = 717890DF19962A7C00723011 /* RXGP.app */;
			productType = "com.apple.product-type.application";
		};
		717890F019962A7C00723011 /* RXGPTests */ = {
			isa = PBXNativeTarget;
			buildConfigurationList = 717890FE19962A7C00723011 /* Build configuration list for PBXNativeTarget "RXGPTests" */;
			buildPhases = (
				717890ED19962A7C00723011 /* Sources */,
				717890EE19962A7C00723011 /* Frameworks */,
				717890EF19962A7C00723011 /* Resources */,
			);
			buildRules = (
			);
			dependencies = (
				717890F319962A7C00723011 /* PBXTargetDependency */,
			);
			name = RXGPTests;
			productName = RXGPTests;
			productReference = 717890F119962A7C00723011 /* RXGPTests.xctest */;
			productType = "com.apple.product-type.bundle.unit-test";
		};
/* End PBXNativeTarget section */

/* Begin PBXProject section */
		717890D719962A7C00723011 /* Project object */ = {
			isa = PBXProject;
			attributes = {
				LastUpgradeCheck = 0610;
				ORGANIZATIONNAME = edupad;
				TargetAttributes = {
					717890DE19962A7C00723011 = {
						CreatedOnToolsVersion = 6.0;
						DevelopmentTeam = U36XC26FD6;
						SystemCapabilities = {
							com.apple.BackgroundModes = {
								enabled = 1;
							};
						};
					};
					717890F019962A7C00723011 = {
						CreatedOnToolsVersion = 6.0;
						TestTargetID = 717890DE19962A7C00723011;
					};
				};
			};
			buildConfigurationList = 717890DA19962A7C00723011 /* Build configuration list for PBXProject "RXGP" */;
			compatibilityVersion = "Xcode 3.2";
			developmentRegion = English;
			hasScannedForEncodings = 0;
			knownRegions = (
				en,
				Base,
			);
			mainGroup = 717890D619962A7C00723011;
			productRefGroup = 717890E019962A7C00723011 /* Products */;
			projectDirPath = "";
			projectRoot = "";
			targets = (
				717890DE19962A7C00723011 /* RXGP */,
				717890F019962A7C00723011 /* RXGPTests */,
			);
		};
/* End PBXProject section */

/* Begin PBXResourcesBuildPhase section */
		717890DD19962A7C00723011 /* Resources */ = {
			isa = PBXResourcesBuildPhase;
			buildActionMask = 2147483647;
			files = (
				717890EA19962A7C00723011 /* Main.storyboard in Resources */,
				717890EC19962A7C00723011 /* Images.xcassets in Resources */,
			);
			runOnlyForDeploymentPostprocessing = 0;
		};
		717890EF19962A7C00723011 /* Resources */ = {
			isa = PBXResourcesBuildPhase;
			buildActionMask = 2147483647;
			files = (
			);
			runOnlyForDeploymentPostprocessing = 0;
		};
/* End PBXResourcesBuildPhase section */

/* Begin PBXSourcesBuildPhase section */
		717890DB19962A7C00723011 /* Sources */ = {
			isa = PBXSourcesBuildPhase;
			buildActionMask = 2147483647;
			files = (
				717890E719962A7C00723011 /* ViewController.swift in Sources */,
				717890E519962A7C00723011 /* AppDelegate.swift in Sources */,
			);
			runOnlyForDeploymentPostprocessing = 0;
		};
		717890ED19962A7C00723011 /* Sources */ = {
			isa = PBXSourcesBuildPhase;
			buildActionMask = 2147483647;
			files = (
				717890F819962A7C00723011 /* RXGPTests.swift in Sources */,
			);
			runOnlyForDeploymentPostprocessing = 0;
		};
/* End PBXSourcesBuildPhase section */

/* Begin PBXTargetDependency section */
		717890F319962A7C00723011 /* PBXTargetDependency */ = {
			isa = PBXTargetDependency;
			target = 717890DE19962A7C00723011 /* RXGP */;
			targetProxy = 717890F219962A7C00723011 /* PBXContainerItemProxy */;
		};
/* End PBXTargetDependency section */

/* Begin PBXVariantGroup section */
		717890E819962A7C00723011 /* Main.storyboard */ = {
			isa = PBXVariantGroup;
			children = (
				717890E919962A7C00723011 /* Base */,
			);
			name = Main.storyboard;
			sourceTree = "<group>";
		};
/* End PBXVariantGroup section */

/* Begin XCBuildConfiguration section */
		717890F919962A7C00723011 /* Debug */ = {
			isa = XCBuildConfiguration;
			buildSettings = {
				ALWAYS_SEARCH_USER_PATHS = NO;
				CLANG_CXX_LANGUAGE_STANDARD = "gnu++0x";
				CLANG_CXX_LIBRARY = "libc++";
				CLANG_ENABLE_MODULES = YES;
				CLANG_ENABLE_OBJC_ARC = YES;
				CLANG_WARN_BOOL_CONVERSION = YES;
				CLANG_WARN_CONSTANT_CONVERSION = YES;
				CLANG_WARN_DIRECT_OBJC_ISA_USAGE = YES_ERROR;
				CLANG_WARN_EMPTY_BODY = YES;
				CLANG_WARN_ENUM_CONVERSION = YES;
				CLANG_WARN_INT_CONVERSION = YES;
				CLANG_WARN_OBJC_ROOT_CLASS = YES_ERROR;
				CLANG_WARN_UNREACHABLE_CODE = YES;
				CLANG_WARN__DUPLICATE_METHOD_MATCH = YES;
				"CODE_SIGN_IDENTITY[sdk=iphoneos*]" = "iPhone Developer";
				COPY_PHASE_STRIP = NO;
				ENABLE_STRICT_OBJC_MSGSEND = YES;
				GCC_C_LANGUAGE_STANDARD = gnu99;
				GCC_DYNAMIC_NO_PIC = NO;
				GCC_OPTIMIZATION_LEVEL = 0;
				GCC_PREPROCESSOR_DEFINITIONS = (
					"DEBUG=1",
					"$(inherited)",
				);
				GCC_SYMBOLS_PRIVATE_EXTERN = NO;
				GCC_WARN_64_TO_32_BIT_CONVERSION = YES;
				GCC_WARN_ABOUT_RETURN_TYPE = YES_ERROR;
				GCC_WARN_UNDECLARED_SELECTOR = YES;
				GCC_WARN_UNINITIALIZED_AUTOS = YES_AGGRESSIVE;
				GCC_WARN_UNUSED_FUNCTION = YES;
				GCC_WARN_UNUSED_VARIABLE = YES;
				IPHONEOS_DEPLOYMENT_TARGET = 8.1;
				MTL_ENABLE_DEBUG_INFO = YES;
				ONLY_ACTIVE_ARCH = YES;
				SDKROOT = iphoneos8.1;
				SWIFT_OPTIMIZATION_LEVEL = "-Onone";
			};
			name = Debug;
		};
		717890FA19962A7C00723011 /* Release */ = {
			isa = XCBuildConfiguration;
			buildSettings = {
				ALWAYS_SEARCH_USER_PATHS = NO;
				CLANG_CXX_LANGUAGE_STANDARD = "gnu++0x";
				CLANG_CXX_LIBRARY = "libc++";
				CLANG_ENABLE_MODULES = YES;
				CLANG_ENABLE_OBJC_ARC = YES;
				CLANG_WARN_BOOL_CONVERSION = YES;
				CLANG_WARN_CONSTANT_CONVERSION = YES;
				CLANG_WARN_DIRECT_OBJC_ISA_USAGE = YES_ERROR;
				CLANG_WARN_EMPTY_BODY = YES;
				CLANG_WARN_ENUM_CONVERSION = YES;
				CLANG_WARN_INT_CONVERSION = YES;
				CLANG_WARN_OBJC_ROOT_CLASS = YES_ERROR;
				CLANG_WARN_UNREACHABLE_CODE = YES;
				CLANG_WARN__DUPLICATE_METHOD_MATCH = YES;
				"CODE_SIGN_IDENTITY[sdk=iphoneos*]" = "iPhone Developer";
				COPY_PHASE_STRIP = YES;
				ENABLE_NS_ASSERTIONS = NO;
				ENABLE_STRICT_OBJC_MSGSEND = YES;
				GCC_C_LANGUAGE_STANDARD = gnu99;
				GCC_WARN_64_TO_32_BIT_CONVERSION = YES;
				GCC_WARN_ABOUT_RETURN_TYPE = YES_ERROR;
				GCC_WARN_UNDECLARED_SELECTOR = YES;
				GCC_WARN_UNINITIALIZED_AUTOS = YES_AGGRESSIVE;
				GCC_WARN_UNUSED_FUNCTION = YES;
				GCC_WARN_UNUSED_VARIABLE = YES;
				IPHONEOS_DEPLOYMENT_TARGET = 8.1;
				MTL_ENABLE_DEBUG_INFO = NO;
				SDKROOT = iphoneos8.1;
				VALIDATE_PRODUCT = YES;
			};
			name = Release;
		};
		717890FC19962A7C00723011 /* Debug */ = {
			isa = XCBuildConfiguration;
			buildSettings = {
				ASSETCATALOG_COMPILER_APPICON_NAME = AppIcon;
				ASSETCATALOG_COMPILER_LAUNCHIMAGE_NAME = LaunchImage;
				CODE_SIGN_IDENTITY = "iPhone Developer";
				"CODE_SIGN_IDENTITY[sdk=iphoneos*]" = "iPhone Developer";
				FRAMEWORK_SEARCH_PATHS = (
					"$(inherited)",
					"$(SYSTEM_APPS_DIR)/Xcode.app/Contents/Developer/Platforms/iPhoneOS.platform/Developer/SDKs/iPhoneOS7.1.sdk/System/Library/Frameworks",
				);
				INFOPLIST_FILE = RXGP/Info.plist;
				IPHONEOS_DEPLOYMENT_TARGET = 8.1;
				LD_RUNPATH_SEARCH_PATHS = "$(inherited) @executable_path/Frameworks";
				ONLY_ACTIVE_ARCH = YES;
				PRODUCT_NAME = "$(TARGET_NAME)";
				PROVISIONING_PROFILE = "";
			};
			name = Debug;
		};
		717890FD19962A7C00723011 /* Release */ = {
			isa = XCBuildConfiguration;
			buildSettings = {
				ASSETCATALOG_COMPILER_APPICON_NAME = AppIcon;
				ASSETCATALOG_COMPILER_LAUNCHIMAGE_NAME = LaunchImage;
				CODE_SIGN_IDENTITY = "iPhone Developer";
				"CODE_SIGN_IDENTITY[sdk=iphoneos*]" = "iPhone Developer";
				FRAMEWORK_SEARCH_PATHS = (
					"$(inherited)",
					"$(SYSTEM_APPS_DIR)/Xcode.app/Contents/Developer/Platforms/iPhoneOS.platform/Developer/SDKs/iPhoneOS7.1.sdk/System/Library/Frameworks",
				);
				INFOPLIST_FILE = RXGP/Info.plist;
				IPHONEOS_DEPLOYMENT_TARGET = 8.1;
				LD_RUNPATH_SEARCH_PATHS = "$(inherited) @executable_path/Frameworks";
				ONLY_ACTIVE_ARCH = YES;
				PRODUCT_NAME = "$(TARGET_NAME)";
				PROVISIONING_PROFILE = "";
			};
			name = Release;
		};
		717890FF19962A7C00723011 /* Debug */ = {
			isa = XCBuildConfiguration;
			buildSettings = {
				BUNDLE_LOADER = "$(TEST_HOST)";
				FRAMEWORK_SEARCH_PATHS = (
					"$(SDKROOT)/Developer/Library/Frameworks",
					"$(inherited)",
				);
				GCC_PREPROCESSOR_DEFINITIONS = (
					"DEBUG=1",
					"$(inherited)",
				);
				INFOPLIST_FILE = RXGPTests/Info.plist;
				LD_RUNPATH_SEARCH_PATHS = "$(inherited) @executable_path/Frameworks @loader_path/Frameworks";
				PRODUCT_NAME = "$(TARGET_NAME)";
				TEST_HOST = "$(BUILT_PRODUCTS_DIR)/RXGP.app/RXGP";
			};
			name = Debug;
		};
		7178910019962A7C00723011 /* Release */ = {
			isa = XCBuildConfiguration;
			buildSettings = {
				BUNDLE_LOADER = "$(TEST_HOST)";
				FRAMEWORK_SEARCH_PATHS = (
					"$(SDKROOT)/Developer/Library/Frameworks",
					"$(inherited)",
				);
				INFOPLIST_FILE = RXGPTests/Info.plist;
				LD_RUNPATH_SEARCH_PATHS = "$(inherited) @executable_path/Frameworks @loader_path/Frameworks";
				PRODUCT_NAME = "$(TARGET_NAME)";
				TEST_HOST = "$(BUILT_PRODUCTS_DIR)/RXGP.app/RXGP";
			};
			name = Release;
		};
/* End XCBuildConfiguration section */

/* Begin XCConfigurationList section */
		717890DA19962A7C00723011 /* Build configuration list for PBXProject "RXGP" */ = {
			isa = XCConfigurationList;
			buildConfigurations = (
				717890F919962A7C00723011 /* Debug */,
				717890FA19962A7C00723011 /* Release */,
			);
			defaultConfigurationIsVisible = 0;
			defaultConfigurationName = Release;
		};
		717890FB19962A7C00723011 /* Build configuration list for PBXNativeTarget "RXGP" */ = {
			isa = XCConfigurationList;
			buildConfigurations = (
				717890FC19962A7C00723011 /* Debug */,
				717890FD19962A7C00723011 /* Release */,
			);
			defaultConfigurationIsVisible = 0;
			defaultConfigurationName = Release;
		};
		717890FE19962A7C00723011 /* Build configuration list for PBXNativeTarget "RXGPTests" */ = {
			isa = XCConfigurationList;
			buildConfigurations = (
				717890FF19962A7C00723011 /* Debug */,
				7178910019962A7C00723011 /* Release */,
			);
			defaultConfigurationIsVisible = 0;
			defaultConfigurationName = Release;
		};
/* End XCConfigurationList section */
	};
	rootObject = 717890D719962A7C00723011 /* Project object */;
}
